
Microsoft Visual Studio Solution File, Format Version 12.00
Project("{2150E333-8FDC-42A3-9474-1A3956D46DE8}") = "Unit 1", "Unit 1", "{6B63CD01-6BC1-476F-B052-1FF0A131BDC5}"
EndProject
Project("{2150E333-8FDC-42A3-9474-1A3956D46DE8}") = "Unit 2", "Unit 2", "{E9E5CA8A-93AB-4B9D-BFE5-0DC506B8C953}"
EndProject
Project("{F2A71F9B-5D33-465A-A702-920D77279786}") = "Lesson3", "Lesson3\Lesson3.fsproj", "{352AD43B-DEA8-4AA3-9D05-5A90F6A63D7B}"
EndProject
Project("{F2A71F9B-5D33-465A-A702-920D77279786}") = "Lesson2", "Lesson2\Lesson2.fsproj", "{1722A98E-BA35-4F5C-B6A4-8AC66F1F14D5}"
EndProject
Project("{F2A71F9B-5D33-465A-A702-920D77279786}") = "Lesson4", "Lesson4\Lesson4.fsproj", "{B630B256-66E4-45C0-8D4C-A217C77BF8F5}"
EndProject
Project("{F2A71F9B-5D33-465A-A702-920D77279786}") = "Lesson7", "Lesson7\Lesson7.fsproj", "{B14363E0-82D4-436A-8CB9-B37771410D94}"
EndProject
Project("{F2A71F9B-5D33-465A-A702-920D77279786}") = "Lesson8", "Lesson8\Lesson8.fsproj", "{5FF264AF-D2D5-4093-9212-26EE924A2A11}"
EndProject
Project("{F2A71F9B-5D33-465A-A702-920D77279786}") = "Capstone2", "Capstone2\Capstone2.fsproj", "{740AD571-E8A1-4146-897F-D7AF119FBF45}"
EndProject
Project("{2150E333-8FDC-42A3-9474-1A3956D46DE8}") = "Unit 3", "Unit 3", "{B6805AAF-9DC3-4BCF-BE0A-05854B53B55A}"
EndProject
Project("{F2A71F9B-5D33-465A-A702-920D77279786}") = "Capstone3", "Capstone3\Capstone3.fsproj", "{D89CC45E-8F20-41DE-B3B2-42A9552B7ECD}"
EndProject
Project("{2150E333-8FDC-42A3-9474-1A3956D46DE8}") = "Unit 9", "Unit 9", "{52824ABE-98F4-420F-812A-C09618C0269A}"
EndProject
Project("{F2A71F9B-5D33-465A-A702-920D77279786}") = "Lesson41", "Lesson41\Lesson41.fsproj", "{0E402FE9-3F8F-43B4-A9B5-942F1B00CDB4}"
EndProject
Global
	GlobalSection(SolutionConfigurationPlatforms) = preSolution
		Debug|Any CPU = Debug|Any CPU
		Release|Any CPU = Release|Any CPU
	EndGlobalSection
	GlobalSection(ProjectConfigurationPlatforms) = postSolution
		{352AD43B-DEA8-4AA3-9D05-5A90F6A63D7B}.Debug|Any CPU.ActiveCfg = Debug|Any CPU
		{352AD43B-DEA8-4AA3-9D05-5A90F6A63D7B}.Debug|Any CPU.Build.0 = Debug|Any CPU
		{352AD43B-DEA8-4AA3-9D05-5A90F6A63D7B}.Release|Any CPU.ActiveCfg = Release|Any CPU
		{352AD43B-DEA8-4AA3-9D05-5A90F6A63D7B}.Release|Any CPU.Build.0 = Release|Any CPU
		{1722A98E-BA35-4F5C-B6A4-8AC66F1F14D5}.Debug|Any CPU.ActiveCfg = Debug|Any CPU
		{1722A98E-BA35-4F5C-B6A4-8AC66F1F14D5}.Debug|Any CPU.Build.0 = Debug|Any CPU
		{1722A98E-BA35-4F5C-B6A4-8AC66F1F14D5}.Release|Any CPU.ActiveCfg = Release|Any CPU
		{1722A98E-BA35-4F5C-B6A4-8AC66F1F14D5}.Release|Any CPU.Build.0 = Release|Any CPU
		{B630B256-66E4-45C0-8D4C-A217C77BF8F5}.Debug|Any CPU.ActiveCfg = Debug|Any CPU
		{B630B256-66E4-45C0-8D4C-A217C77BF8F5}.Debug|Any CPU.Build.0 = Debug|Any CPU
		{B630B256-66E4-45C0-8D4C-A217C77BF8F5}.Release|Any CPU.ActiveCfg = Release|Any CPU
		{B630B256-66E4-45C0-8D4C-A217C77BF8F5}.Release|Any CPU.Build.0 = Release|Any CPU
		{B14363E0-82D4-436A-8CB9-B37771410D94}.Debug|Any CPU.ActiveCfg = Debug|Any CPU
		{B14363E0-82D4-436A-8CB9-B37771410D94}.Debug|Any CPU.Build.0 = Debug|Any CPU
		{B14363E0-82D4-436A-8CB9-B37771410D94}.Release|Any CPU.ActiveCfg = Release|Any CPU
		{B14363E0-82D4-436A-8CB9-B37771410D94}.Release|Any CPU.Build.0 = Release|Any CPU
		{5FF264AF-D2D5-4093-9212-26EE924A2A11}.Debug|Any CPU.ActiveCfg = Debug|Any CPU
		{5FF264AF-D2D5-4093-9212-26EE924A2A11}.Debug|Any CPU.Build.0 = Debug|Any CPU
		{5FF264AF-D2D5-4093-9212-26EE924A2A11}.Release|Any CPU.ActiveCfg = Release|Any CPU
		{5FF264AF-D2D5-4093-9212-26EE924A2A11}.Release|Any CPU.Build.0 = Release|Any CPU
		{740AD571-E8A1-4146-897F-D7AF119FBF45}.Debug|Any CPU.ActiveCfg = Debug|Any CPU
		{740AD571-E8A1-4146-897F-D7AF119FBF45}.Debug|Any CPU.Build.0 = Debug|Any CPU
		{740AD571-E8A1-4146-897F-D7AF119FBF45}.Release|Any CPU.ActiveCfg = Release|Any CPU
		{740AD571-E8A1-4146-897F-D7AF119FBF45}.Release|Any CPU.Build.0 = Release|Any CPU
		{D89CC45E-8F20-41DE-B3B2-42A9552B7ECD}.Debug|Any CPU.ActiveCfg = Debug|Any CPU
		{D89CC45E-8F20-41DE-B3B2-42A9552B7ECD}.Debug|Any CPU.Build.0 = Debug|Any CPU
		{D89CC45E-8F20-41DE-B3B2-42A9552B7ECD}.Release|Any CPU.ActiveCfg = Release|Any CPU
		{D89CC45E-8F20-41DE-B3B2-42A9552B7ECD}.Release|Any CPU.Build.0 = Release|Any CPU
		{0E402FE9-3F8F-43B4-A9B5-942F1B00CDB4}.Debug|Any CPU.ActiveCfg = Debug|Any CPU
		{0E402FE9-3F8F-43B4-A9B5-942F1B00CDB4}.Debug|Any CPU.Build.0 = Debug|Any CPU
		{0E402FE9-3F8F-43B4-A9B5-942F1B00CDB4}.Release|Any CPU.ActiveCfg = Release|Any CPU
		{0E402FE9-3F8F-43B4-A9B5-942F1B00CDB4}.Release|Any CPU.Build.0 = Release|Any CPU
	EndGlobalSection
	GlobalSection(NestedProjects) = preSolution
		{352AD43B-DEA8-4AA3-9D05-5A90F6A63D7B} = {6B63CD01-6BC1-476F-B052-1FF0A131BDC5}
		{1722A98E-BA35-4F5C-B6A4-8AC66F1F14D5} = {6B63CD01-6BC1-476F-B052-1FF0A131BDC5}
		{B630B256-66E4-45C0-8D4C-A217C77BF8F5} = {E9E5CA8A-93AB-4B9D-BFE5-0DC506B8C953}
		{B14363E0-82D4-436A-8CB9-B37771410D94} = {E9E5CA8A-93AB-4B9D-BFE5-0DC506B8C953}
		{5FF264AF-D2D5-4093-9212-26EE924A2A11} = {E9E5CA8A-93AB-4B9D-BFE5-0DC506B8C953}
		{740AD571-E8A1-4146-897F-D7AF119FBF45} = {E9E5CA8A-93AB-4B9D-BFE5-0DC506B8C953}
		{D89CC45E-8F20-41DE-B3B2-42A9552B7ECD} = {B6805AAF-9DC3-4BCF-BE0A-05854B53B55A}
		{0E402FE9-3F8F-43B4-A9B5-942F1B00CDB4} = {52824ABE-98F4-420F-812A-C09618C0269A}
	EndGlobalSection
EndGlobal
