
Microsoft Visual Studio Solution File, Format Version 12.00
Project("{2150E333-8FDC-42A3-9474-1A3956D46DE8}") = "Unit 1", "Unit 1", "{6B63CD01-6BC1-476F-B052-1FF0A131BDC5}"
EndProject
Project("{2150E333-8FDC-42A3-9474-1A3956D46DE8}") = "Unit 2", "Unit 2", "{E9E5CA8A-93AB-4B9D-BFE5-0DC506B8C953}"
EndProject
Project("{F2A71F9B-5D33-465A-A702-920D77279786}") = "Lesson3", "Lesson3\Lesson3.fsproj", "{352AD43B-DEA8-4AA3-9D05-5A90F6A63D7B}"
EndProject
Project("{F2A71F9B-5D33-465A-A702-920D77279786}") = "Lesson2", "Lesson2\Lesson2.fsproj", "{1722A98E-BA35-4F5C-B6A4-8AC66F1F14D5}"
EndProject
Global
	GlobalSection(SolutionConfigurationPlatforms) = preSolution
		Debug|Any CPU = Debug|Any CPU
		Release|Any CPU = Release|Any CPU
	EndGlobalSection
	GlobalSection(ProjectConfigurationPlatforms) = postSolution
		{352AD43B-DEA8-4AA3-9D05-5A90F6A63D7B}.Debug|Any CPU.ActiveCfg = Debug|Any CPU
		{352AD43B-DEA8-4AA3-9D05-5A90F6A63D7B}.Debug|Any CPU.Build.0 = Debug|Any CPU
		{352AD43B-DEA8-4AA3-9D05-5A90F6A63D7B}.Release|Any CPU.ActiveCfg = Release|Any CPU
		{352AD43B-DEA8-4AA3-9D05-5A90F6A63D7B}.Release|Any CPU.Build.0 = Release|Any CPU
		{1722A98E-BA35-4F5C-B6A4-8AC66F1F14D5}.Debug|Any CPU.ActiveCfg = Debug|Any CPU
		{1722A98E-BA35-4F5C-B6A4-8AC66F1F14D5}.Debug|Any CPU.Build.0 = Debug|Any CPU
		{1722A98E-BA35-4F5C-B6A4-8AC66F1F14D5}.Release|Any CPU.ActiveCfg = Release|Any CPU
		{1722A98E-BA35-4F5C-B6A4-8AC66F1F14D5}.Release|Any CPU.Build.0 = Release|Any CPU
	EndGlobalSection
	GlobalSection(NestedProjects) = preSolution
		{352AD43B-DEA8-4AA3-9D05-5A90F6A63D7B} = {6B63CD01-6BC1-476F-B052-1FF0A131BDC5}
		{1722A98E-BA35-4F5C-B6A4-8AC66F1F14D5} = {6B63CD01-6BC1-476F-B052-1FF0A131BDC5}
	EndGlobalSection
EndGlobal
